// !$*UTF8*$!
{
	archiveVersion = 1;
	classes = {
	};
	objectVersion = 55;
	objects = {

/* Begin PBXBuildFile section */
		A8F48A4858FEA12C2C1D9873 /* Pods_EscobarSnapchat.framework in Frameworks */ = {isa = PBXBuildFile; fileRef = 56F84A2377B6074F3F6CEE8B /* Pods_EscobarSnapchat.framework */; };
		AB94D29D2A34EEF90012D144 /* RegistroViewController.swift in Sources */ = {isa = PBXBuildFile; fileRef = AB94D29C2A34EEF90012D144 /* RegistroViewController.swift */; };
		ABA3D27F2A39FB7A00E6F831 /* Snap.swift in Sources */ = {isa = PBXBuildFile; fileRef = ABA3D27E2A39FB7A00E6F831 /* Snap.swift */; };
		ABA3D2812A3A010900E6F831 /* VerSnapViewController.swift in Sources */ = {isa = PBXBuildFile; fileRef = ABA3D2802A3A010900E6F831 /* VerSnapViewController.swift */; };
		ABD56BE52A30D26400DFC092 /* GoogleService-Info.plist in Resources */ = {isa = PBXBuildFile; fileRef = ABD56BE42A30D26400DFC092 /* GoogleService-Info.plist */; };
		ABD56BEA2A30F49100DFC092 /* SnapsViewController.swift in Sources */ = {isa = PBXBuildFile; fileRef = ABD56BE92A30F49100DFC092 /* SnapsViewController.swift */; };
		ABD56BEC2A30FA6B00DFC092 /* ImagenViewController.swift in Sources */ = {isa = PBXBuildFile; fileRef = ABD56BEB2A30FA6B00DFC092 /* ImagenViewController.swift */; };
		ABEE58A72A31202000A68342 /* ElegirUsuarioViewController.swift in Sources */ = {isa = PBXBuildFile; fileRef = ABEE58A62A31202000A68342 /* ElegirUsuarioViewController.swift */; };
		ABEE58AB2A3126C000A68342 /* Usuario.swift in Sources */ = {isa = PBXBuildFile; fileRef = ABEE58AA2A3126C000A68342 /* Usuario.swift */; };
		B9EA851B2A27A02700EF45DB /* AppDelegate.swift in Sources */ = {isa = PBXBuildFile; fileRef = B9EA851A2A27A02700EF45DB /* AppDelegate.swift */; };
		B9EA851D2A27A02700EF45DB /* SceneDelegate.swift in Sources */ = {isa = PBXBuildFile; fileRef = B9EA851C2A27A02700EF45DB /* SceneDelegate.swift */; };
		B9EA851F2A27A02700EF45DB /* ViewController.swift in Sources */ = {isa = PBXBuildFile; fileRef = B9EA851E2A27A02700EF45DB /* ViewController.swift */; };
		B9EA85222A27A02700EF45DB /* Main.storyboard in Resources */ = {isa = PBXBuildFile; fileRef = B9EA85202A27A02700EF45DB /* Main.storyboard */; };
		B9EA85242A27A02700EF45DB /* Assets.xcassets in Resources */ = {isa = PBXBuildFile; fileRef = B9EA85232A27A02700EF45DB /* Assets.xcassets */; };
		B9EA85272A27A02700EF45DB /* LaunchScreen.storyboard in Resources */ = {isa = PBXBuildFile; fileRef = B9EA85252A27A02700EF45DB /* LaunchScreen.storyboard */; };
/* End PBXBuildFile section */

/* Begin PBXFileReference section */
		24CF86BF4E49C88BD83B0E0B /* Pods-EscobarSnapchat.debug.xcconfig */ = {isa = PBXFileReference; includeInIndex = 1; lastKnownFileType = text.xcconfig; name = "Pods-EscobarSnapchat.debug.xcconfig"; path = "Target Support Files/Pods-EscobarSnapchat/Pods-EscobarSnapchat.debug.xcconfig"; sourceTree = "<group>"; };
		56F84A2377B6074F3F6CEE8B /* Pods_EscobarSnapchat.framework */ = {isa = PBXFileReference; explicitFileType = wrapper.framework; includeInIndex = 0; path = Pods_EscobarSnapchat.framework; sourceTree = BUILT_PRODUCTS_DIR; };
		91C50053E87D2E3930E1AD86 /* Pods-EscobarSnapchat.release.xcconfig */ = {isa = PBXFileReference; includeInIndex = 1; lastKnownFileType = text.xcconfig; name = "Pods-EscobarSnapchat.release.xcconfig"; path = "Target Support Files/Pods-EscobarSnapchat/Pods-EscobarSnapchat.release.xcconfig"; sourceTree = "<group>"; };
		AB94D29C2A34EEF90012D144 /* RegistroViewController.swift */ = {isa = PBXFileReference; lastKnownFileType = sourcecode.swift; path = RegistroViewController.swift; sourceTree = "<group>"; };
		ABA3D27E2A39FB7A00E6F831 /* Snap.swift */ = {isa = PBXFileReference; lastKnownFileType = sourcecode.swift; path = Snap.swift; sourceTree = "<group>"; };
		ABA3D2802A3A010900E6F831 /* VerSnapViewController.swift */ = {isa = PBXFileReference; lastKnownFileType = sourcecode.swift; path = VerSnapViewController.swift; sourceTree = "<group>"; };
		ABD56BE42A30D26400DFC092 /* GoogleService-Info.plist */ = {isa = PBXFileReference; fileEncoding = 4; lastKnownFileType = text.plist.xml; name = "GoogleService-Info.plist"; path = "../../../../Downloads/GoogleService-Info.plist"; sourceTree = "<group>"; };
		ABD56BE62A30F09E00DFC092 /* EscobarSnapchat.entitlements */ = {isa = PBXFileReference; lastKnownFileType = text.plist.entitlements; path = EscobarSnapchat.entitlements; sourceTree = "<group>"; };
		ABD56BE92A30F49100DFC092 /* SnapsViewController.swift */ = {isa = PBXFileReference; lastKnownFileType = sourcecode.swift; path = SnapsViewController.swift; sourceTree = "<group>"; };
		ABD56BEB2A30FA6B00DFC092 /* ImagenViewController.swift */ = {isa = PBXFileReference; lastKnownFileType = sourcecode.swift; path = ImagenViewController.swift; sourceTree = "<group>"; };
		ABEE58A62A31202000A68342 /* ElegirUsuarioViewController.swift */ = {isa = PBXFileReference; lastKnownFileType = sourcecode.swift; path = ElegirUsuarioViewController.swift; sourceTree = "<group>"; };
		ABEE58AA2A3126C000A68342 /* Usuario.swift */ = {isa = PBXFileReference; lastKnownFileType = sourcecode.swift; path = Usuario.swift; sourceTree = "<group>"; };
		B9EA85172A27A02700EF45DB /* EscobarSnapchat.app */ = {isa = PBXFileReference; explicitFileType = wrapper.application; includeInIndex = 0; path = EscobarSnapchat.app; sourceTree = BUILT_PRODUCTS_DIR; };
		B9EA851A2A27A02700EF45DB /* AppDelegate.swift */ = {isa = PBXFileReference; lastKnownFileType = sourcecode.swift; path = AppDelegate.swift; sourceTree = "<group>"; };
		B9EA851C2A27A02700EF45DB /* SceneDelegate.swift */ = {isa = PBXFileReference; lastKnownFileType = sourcecode.swift; path = SceneDelegate.swift; sourceTree = "<group>"; };
		B9EA851E2A27A02700EF45DB /* ViewController.swift */ = {isa = PBXFileReference; lastKnownFileType = sourcecode.swift; path = ViewController.swift; sourceTree = "<group>"; };
		B9EA85212A27A02700EF45DB /* Base */ = {isa = PBXFileReference; lastKnownFileType = file.storyboard; name = Base; path = Base.lproj/Main.storyboard; sourceTree = "<group>"; };
		B9EA85232A27A02700EF45DB /* Assets.xcassets */ = {isa = PBXFileReference; lastKnownFileType = folder.assetcatalog; path = Assets.xcassets; sourceTree = "<group>"; };
		B9EA85262A27A02700EF45DB /* Base */ = {isa = PBXFileReference; lastKnownFileType = file.storyboard; name = Base; path = Base.lproj/LaunchScreen.storyboard; sourceTree = "<group>"; };
		B9EA85282A27A02700EF45DB /* Info.plist */ = {isa = PBXFileReference; lastKnownFileType = text.plist.xml; path = Info.plist; sourceTree = "<group>"; };
/* End PBXFileReference section */

/* Begin PBXFrameworksBuildPhase section */
		B9EA85142A27A02700EF45DB /* Frameworks */ = {
			isa = PBXFrameworksBuildPhase;
			buildActionMask = 2147483647;
			files = (
				A8F48A4858FEA12C2C1D9873 /* Pods_EscobarSnapchat.framework in Frameworks */,
			);
			runOnlyForDeploymentPostprocessing = 0;
		};
/* End PBXFrameworksBuildPhase section */

/* Begin PBXGroup section */
		55B4FBF86C24FA33C3F34580 /* Pods */ = {
			isa = PBXGroup;
			children = (
				24CF86BF4E49C88BD83B0E0B /* Pods-EscobarSnapchat.debug.xcconfig */,
				91C50053E87D2E3930E1AD86 /* Pods-EscobarSnapchat.release.xcconfig */,
			);
			path = Pods;
			sourceTree = "<group>";
		};
		5BDAB65A866D49B5420B8877 /* Frameworks */ = {
			isa = PBXGroup;
			children = (
				56F84A2377B6074F3F6CEE8B /* Pods_EscobarSnapchat.framework */,
			);
			name = Frameworks;
			sourceTree = "<group>";
		};
		ABEE58A82A3125FD00A68342 /* ViewControllers */ = {
			isa = PBXGroup;
			children = (
				ABD56BE92A30F49100DFC092 /* SnapsViewController.swift */,
				ABD56BEB2A30FA6B00DFC092 /* ImagenViewController.swift */,
				B9EA851E2A27A02700EF45DB /* ViewController.swift */,
				ABEE58A62A31202000A68342 /* ElegirUsuarioViewController.swift */,
				AB94D29C2A34EEF90012D144 /* RegistroViewController.swift */,
				ABA3D2802A3A010900E6F831 /* VerSnapViewController.swift */,
			);
			path = ViewControllers;
			sourceTree = "<group>";
		};
		ABEE58A92A31264500A68342 /* Modelos */ = {
			isa = PBXGroup;
			children = (
				ABEE58AA2A3126C000A68342 /* Usuario.swift */,
				ABA3D27E2A39FB7A00E6F831 /* Snap.swift */,
			);
			path = Modelos;
			sourceTree = "<group>";
		};
		B9EA850E2A27A02700EF45DB = {
			isa = PBXGroup;
			children = (
				B9EA85192A27A02700EF45DB /* EscobarSnapchat */,
				B9EA85182A27A02700EF45DB /* Products */,
				55B4FBF86C24FA33C3F34580 /* Pods */,
				5BDAB65A866D49B5420B8877 /* Frameworks */,
			);
			sourceTree = "<group>";
		};
		B9EA85182A27A02700EF45DB /* Products */ = {
			isa = PBXGroup;
			children = (
				B9EA85172A27A02700EF45DB /* EscobarSnapchat.app */,
			);
			name = Products;
			sourceTree = "<group>";
		};
		B9EA85192A27A02700EF45DB /* EscobarSnapchat */ = {
			isa = PBXGroup;
			children = (
				ABEE58A92A31264500A68342 /* Modelos */,
				ABEE58A82A3125FD00A68342 /* ViewControllers */,
				ABD56BE62A30F09E00DFC092 /* EscobarSnapchat.entitlements */,
				B9EA851A2A27A02700EF45DB /* AppDelegate.swift */,
				B9EA851C2A27A02700EF45DB /* SceneDelegate.swift */,
				B9EA85202A27A02700EF45DB /* Main.storyboard */,
				B9EA85232A27A02700EF45DB /* Assets.xcassets */,
				B9EA85252A27A02700EF45DB /* LaunchScreen.storyboard */,
				B9EA85282A27A02700EF45DB /* Info.plist */,
				ABD56BE42A30D26400DFC092 /* GoogleService-Info.plist */,
			);
			path = EscobarSnapchat;
			sourceTree = "<group>";
		};
/* End PBXGroup section */

/* Begin PBXNativeTarget section */
		B9EA85162A27A02700EF45DB /* EscobarSnapchat */ = {
			isa = PBXNativeTarget;
			buildConfigurationList = B9EA852B2A27A02700EF45DB /* Build configuration list for PBXNativeTarget "EscobarSnapchat" */;
			buildPhases = (
				C8DAE1ADC2483C2FCEAC6169 /* [CP] Check Pods Manifest.lock */,
				B9EA85132A27A02700EF45DB /* Sources */,
				B9EA85142A27A02700EF45DB /* Frameworks */,
				B9EA85152A27A02700EF45DB /* Resources */,
				ECE1F87D95A03AB2E6CEBC86 /* [CP] Embed Pods Frameworks */,
			);
			buildRules = (
			);
			dependencies = (
			);
			name = EscobarSnapchat;
			packageProductDependencies = (
			);
			productName = EscobarSnapchat;
			productReference = B9EA85172A27A02700EF45DB /* EscobarSnapchat.app */;
			productType = "com.apple.product-type.application";
		};
/* End PBXNativeTarget section */

/* Begin PBXProject section */
		B9EA850F2A27A02700EF45DB /* Project object */ = {
			isa = PBXProject;
			attributes = {
				BuildIndependentTargetsInParallel = 1;
				LastSwiftUpdateCheck = 1340;
				LastUpgradeCheck = 1340;
				TargetAttributes = {
					B9EA85162A27A02700EF45DB = {
						CreatedOnToolsVersion = 13.4.1;
					};
				};
			};
			buildConfigurationList = B9EA85122A27A02700EF45DB /* Build configuration list for PBXProject "EscobarSnapchat" */;
			compatibilityVersion = "Xcode 13.0";
			developmentRegion = en;
			hasScannedForEncodings = 0;
			knownRegions = (
				en,
				Base,
			);
			mainGroup = B9EA850E2A27A02700EF45DB;
			packageReferences = (
			);
			productRefGroup = B9EA85182A27A02700EF45DB /* Products */;
			projectDirPath = "";
			projectRoot = "";
			targets = (
				B9EA85162A27A02700EF45DB /* EscobarSnapchat */,
			);
		};
/* End PBXProject section */

/* Begin PBXResourcesBuildPhase section */
		B9EA85152A27A02700EF45DB /* Resources */ = {
			isa = PBXResourcesBuildPhase;
			buildActionMask = 2147483647;
			files = (
				B9EA85272A27A02700EF45DB /* LaunchScreen.storyboard in Resources */,
				ABD56BE52A30D26400DFC092 /* GoogleService-Info.plist in Resources */,
				B9EA85242A27A02700EF45DB /* Assets.xcassets in Resources */,
				B9EA85222A27A02700EF45DB /* Main.storyboard in Resources */,
			);
			runOnlyForDeploymentPostprocessing = 0;
		};
/* End PBXResourcesBuildPhase section */

/* Begin PBXShellScriptBuildPhase section */
		C8DAE1ADC2483C2FCEAC6169 /* [CP] Check Pods Manifest.lock */ = {
			isa = PBXShellScriptBuildPhase;
			buildActionMask = 2147483647;
			files = (
			);
			inputFileListPaths = (
			);
			inputPaths = (
				"${PODS_PODFILE_DIR_PATH}/Podfile.lock",
				"${PODS_ROOT}/Manifest.lock",
			);
			name = "[CP] Check Pods Manifest.lock";
			outputFileListPaths = (
			);
			outputPaths = (
				"$(DERIVED_FILE_DIR)/Pods-EscobarSnapchat-checkManifestLockResult.txt",
			);
			runOnlyForDeploymentPostprocessing = 0;
			shellPath = /bin/sh;
			shellScript = "diff \"${PODS_PODFILE_DIR_PATH}/Podfile.lock\" \"${PODS_ROOT}/Manifest.lock\" > /dev/null\nif [ $? != 0 ] ; then\n    # print error to STDERR\n    echo \"error: The sandbox is not in sync with the Podfile.lock. Run 'pod install' or update your CocoaPods installation.\" >&2\n    exit 1\nfi\n# This output is used by Xcode 'outputs' to avoid re-running this script phase.\necho \"SUCCESS\" > \"${SCRIPT_OUTPUT_FILE_0}\"\n";
			showEnvVarsInLog = 0;
		};
		ECE1F87D95A03AB2E6CEBC86 /* [CP] Embed Pods Frameworks */ = {
			isa = PBXShellScriptBuildPhase;
			buildActionMask = 2147483647;
			files = (
			);
			inputFileListPaths = (
				"${PODS_ROOT}/Target Support Files/Pods-EscobarSnapchat/Pods-EscobarSnapchat-frameworks-${CONFIGURATION}-input-files.xcfilelist",
			);
			name = "[CP] Embed Pods Frameworks";
			outputFileListPaths = (
				"${PODS_ROOT}/Target Support Files/Pods-EscobarSnapchat/Pods-EscobarSnapchat-frameworks-${CONFIGURATION}-output-files.xcfilelist",
			);
			runOnlyForDeploymentPostprocessing = 0;
			shellPath = /bin/sh;
			shellScript = "\"${PODS_ROOT}/Target Support Files/Pods-EscobarSnapchat/Pods-EscobarSnapchat-frameworks.sh\"\n";
			showEnvVarsInLog = 0;
		};
/* End PBXShellScriptBuildPhase section */

/* Begin PBXSourcesBuildPhase section */
		B9EA85132A27A02700EF45DB /* Sources */ = {
			isa = PBXSourcesBuildPhase;
			buildActionMask = 2147483647;
			files = (
				ABD56BEA2A30F49100DFC092 /* SnapsViewController.swift in Sources */,
				ABD56BEC2A30FA6B00DFC092 /* ImagenViewController.swift in Sources */,
				ABA3D27F2A39FB7A00E6F831 /* Snap.swift in Sources */,
				ABEE58AB2A3126C000A68342 /* Usuario.swift in Sources */,
				ABA3D2812A3A010900E6F831 /* VerSnapViewController.swift in Sources */,
				B9EA851F2A27A02700EF45DB /* ViewController.swift in Sources */,
				B9EA851B2A27A02700EF45DB /* AppDelegate.swift in Sources */,
				AB94D29D2A34EEF90012D144 /* RegistroViewController.swift in Sources */,
				B9EA851D2A27A02700EF45DB /* SceneDelegate.swift in Sources */,
				ABEE58A72A31202000A68342 /* ElegirUsuarioViewController.swift in Sources */,
			);
			runOnlyForDeploymentPostprocessing = 0;
		};
/* End PBXSourcesBuildPhase section */

/* Begin PBXVariantGroup section */
		B9EA85202A27A02700EF45DB /* Main.storyboard */ = {
			isa = PBXVariantGroup;
			children = (
				B9EA85212A27A02700EF45DB /* Base */,
			);
			name = Main.storyboard;
			sourceTree = "<group>";
		};
		B9EA85252A27A02700EF45DB /* LaunchScreen.storyboard */ = {
			isa = PBXVariantGroup;
			children = (
				B9EA85262A27A02700EF45DB /* Base */,
			);
			name = LaunchScreen.storyboard;
			sourceTree = "<group>";
		};
/* End PBXVariantGroup section */

/* Begin XCBuildConfiguration section */
		B9EA85292A27A02700EF45DB /* Debug */ = {
			isa = XCBuildConfiguration;
			buildSettings = {
				ALWAYS_SEARCH_USER_PATHS = NO;
				CLANG_ANALYZER_NONNULL = YES;
				CLANG_ANALYZER_NUMBER_OBJECT_CONVERSION = YES_AGGRESSIVE;
				CLANG_CXX_LANGUAGE_STANDARD = "gnu++17";
				CLANG_ENABLE_MODULES = YES;
				CLANG_ENABLE_OBJC_ARC = YES;
				CLANG_ENABLE_OBJC_WEAK = YES;
				CLANG_WARN_BLOCK_CAPTURE_AUTORELEASING = YES;
				CLANG_WARN_BOOL_CONVERSION = YES;
				CLANG_WARN_COMMA = YES;
				CLANG_WARN_CONSTANT_CONVERSION = YES;
				CLANG_WARN_DEPRECATED_OBJC_IMPLEMENTATIONS = YES;
				CLANG_WARN_DIRECT_OBJC_ISA_USAGE = YES_ERROR;
				CLANG_WARN_DOCUMENTATION_COMMENTS = YES;
				CLANG_WARN_EMPTY_BODY = YES;
				CLANG_WARN_ENUM_CONVERSION = YES;
				CLANG_WARN_INFINITE_RECURSION = YES;
				CLANG_WARN_INT_CONVERSION = YES;
				CLANG_WARN_NON_LITERAL_NULL_CONVERSION = YES;
				CLANG_WARN_OBJC_IMPLICIT_RETAIN_SELF = YES;
				CLANG_WARN_OBJC_LITERAL_CONVERSION = YES;
				CLANG_WARN_OBJC_ROOT_CLASS = YES_ERROR;
				CLANG_WARN_QUOTED_INCLUDE_IN_FRAMEWORK_HEADER = YES;
				CLANG_WARN_RANGE_LOOP_ANALYSIS = YES;
				CLANG_WARN_STRICT_PROTOTYPES = YES;
				CLANG_WARN_SUSPICIOUS_MOVE = YES;
				CLANG_WARN_UNGUARDED_AVAILABILITY = YES_AGGRESSIVE;
				CLANG_WARN_UNREACHABLE_CODE = YES;
				CLANG_WARN__DUPLICATE_METHOD_MATCH = YES;
				COPY_PHASE_STRIP = NO;
				DEBUG_INFORMATION_FORMAT = dwarf;
				ENABLE_STRICT_OBJC_MSGSEND = YES;
				ENABLE_TESTABILITY = YES;
				GCC_C_LANGUAGE_STANDARD = gnu11;
				GCC_DYNAMIC_NO_PIC = NO;
				GCC_NO_COMMON_BLOCKS = YES;
				GCC_OPTIMIZATION_LEVEL = 0;
				GCC_PREPROCESSOR_DEFINITIONS = (
					"DEBUG=1",
					"$(inherited)",
				);
				GCC_WARN_64_TO_32_BIT_CONVERSION = YES;
				GCC_WARN_ABOUT_RETURN_TYPE = YES_ERROR;
				GCC_WARN_UNDECLARED_SELECTOR = YES;
				GCC_WARN_UNINITIALIZED_AUTOS = YES_AGGRESSIVE;
				GCC_WARN_UNUSED_FUNCTION = YES;
				GCC_WARN_UNUSED_VARIABLE = YES;
				IPHONEOS_DEPLOYMENT_TARGET = 15.5;
				MTL_ENABLE_DEBUG_INFO = INCLUDE_SOURCE;
				MTL_FAST_MATH = YES;
				ONLY_ACTIVE_ARCH = YES;
				SDKROOT = iphoneos;
				SWIFT_ACTIVE_COMPILATION_CONDITIONS = DEBUG;
				SWIFT_OPTIMIZATION_LEVEL = "-Onone";
			};
			name = Debug;
		};
		B9EA852A2A27A02700EF45DB /* Release */ = {
			isa = XCBuildConfiguration;
			buildSettings = {
				ALWAYS_SEARCH_USER_PATHS = NO;
				CLANG_ANALYZER_NONNULL = YES;
				CLANG_ANALYZER_NUMBER_OBJECT_CONVERSION = YES_AGGRESSIVE;
				CLANG_CXX_LANGUAGE_STANDARD = "gnu++17";
				CLANG_ENABLE_MODULES = YES;
				CLANG_ENABLE_OBJC_ARC = YES;
				CLANG_ENABLE_OBJC_WEAK = YES;
				CLANG_WARN_BLOCK_CAPTURE_AUTORELEASING = YES;
				CLANG_WARN_BOOL_CONVERSION = YES;
				CLANG_WARN_COMMA = YES;
				CLANG_WARN_CONSTANT_CONVERSION = YES;
				CLANG_WARN_DEPRECATED_OBJC_IMPLEMENTATIONS = YES;
				CLANG_WARN_DIRECT_OBJC_ISA_USAGE = YES_ERROR;
				CLANG_WARN_DOCUMENTATION_COMMENTS = YES;
				CLANG_WARN_EMPTY_BODY = YES;
				CLANG_WARN_ENUM_CONVERSION = YES;
				CLANG_WARN_INFINITE_RECURSION = YES;
				CLANG_WARN_INT_CONVERSION = YES;
				CLANG_WARN_NON_LITERAL_NULL_CONVERSION = YES;
				CLANG_WARN_OBJC_IMPLICIT_RETAIN_SELF = YES;
				CLANG_WARN_OBJC_LITERAL_CONVERSION = YES;
				CLANG_WARN_OBJC_ROOT_CLASS = YES_ERROR;
				CLANG_WARN_QUOTED_INCLUDE_IN_FRAMEWORK_HEADER = YES;
				CLANG_WARN_RANGE_LOOP_ANALYSIS = YES;
				CLANG_WARN_STRICT_PROTOTYPES = YES;
				CLANG_WARN_SUSPICIOUS_MOVE = YES;
				CLANG_WARN_UNGUARDED_AVAILABILITY = YES_AGGRESSIVE;
				CLANG_WARN_UNREACHABLE_CODE = YES;
				CLANG_WARN__DUPLICATE_METHOD_MATCH = YES;
				COPY_PHASE_STRIP = NO;
				DEBUG_INFORMATION_FORMAT = "dwarf-with-dsym";
				ENABLE_NS_ASSERTIONS = NO;
				ENABLE_STRICT_OBJC_MSGSEND = YES;
				GCC_C_LANGUAGE_STANDARD = gnu11;
				GCC_NO_COMMON_BLOCKS = YES;
				GCC_WARN_64_TO_32_BIT_CONVERSION = YES;
				GCC_WARN_ABOUT_RETURN_TYPE = YES_ERROR;
				GCC_WARN_UNDECLARED_SELECTOR = YES;
				GCC_WARN_UNINITIALIZED_AUTOS = YES_AGGRESSIVE;
				GCC_WARN_UNUSED_FUNCTION = YES;
				GCC_WARN_UNUSED_VARIABLE = YES;
				IPHONEOS_DEPLOYMENT_TARGET = 15.5;
				MTL_ENABLE_DEBUG_INFO = NO;
				MTL_FAST_MATH = YES;
				SDKROOT = iphoneos;
				SWIFT_COMPILATION_MODE = wholemodule;
				SWIFT_OPTIMIZATION_LEVEL = "-O";
				VALIDATE_PRODUCT = YES;
			};
			name = Release;
		};
		B9EA852C2A27A02700EF45DB /* Debug */ = {
			isa = XCBuildConfiguration;
			baseConfigurationReference = 24CF86BF4E49C88BD83B0E0B /* Pods-EscobarSnapchat.debug.xcconfig */;
			buildSettings = {
				ASSETCATALOG_COMPILER_APPICON_NAME = AppIcon;
				ASSETCATALOG_COMPILER_GLOBAL_ACCENT_COLOR_NAME = AccentColor;
				CODE_SIGN_ENTITLEMENTS = EscobarSnapchat/EscobarSnapchat.entitlements;
				CODE_SIGN_STYLE = Automatic;
				CURRENT_PROJECT_VERSION = 1;
				GENERATE_INFOPLIST_FILE = YES;
				INFOPLIST_FILE = EscobarSnapchat/Info.plist;
				INFOPLIST_KEY_UIApplicationSupportsIndirectInputEvents = YES;
				INFOPLIST_KEY_UILaunchStoryboardName = LaunchScreen;
				INFOPLIST_KEY_UIMainStoryboardFile = Main;
				INFOPLIST_KEY_UISupportedInterfaceOrientations_iPad = "UIInterfaceOrientationPortrait UIInterfaceOrientationPortraitUpsideDown UIInterfaceOrientationLandscapeLeft UIInterfaceOrientationLandscapeRight";
				INFOPLIST_KEY_UISupportedInterfaceOrientations_iPhone = "UIInterfaceOrientationPortrait UIInterfaceOrientationLandscapeLeft UIInterfaceOrientationLandscapeRight";
				LD_RUNPATH_SEARCH_PATHS = (
					"$(inherited)",
					"@executable_path/Frameworks",
				);
				MARKETING_VERSION = 1.0;
				PRODUCT_BUNDLE_IDENTIFIER = com.miempresa.EscobarSnapchat;
				PRODUCT_NAME = "$(TARGET_NAME)";
				SWIFT_EMIT_LOC_STRINGS = YES;
				SWIFT_VERSION = 5.0;
				TARGETED_DEVICE_FAMILY = "1,2";
			};
			name = Debug;
		};
		B9EA852D2A27A02700EF45DB /* Release */ = {
			isa = XCBuildConfiguration;
			baseConfigurationReference = 91C50053E87D2E3930E1AD86 /* Pods-EscobarSnapchat.release.xcconfig */;
			buildSettings = {
				ASSETCATALOG_COMPILER_APPICON_NAME = AppIcon;
				ASSETCATALOG_COMPILER_GLOBAL_ACCENT_COLOR_NAME = AccentColor;
				CODE_SIGN_ENTITLEMENTS = EscobarSnapchat/EscobarSnapchat.entitlements;
				CODE_SIGN_STYLE = Automatic;
				CURRENT_PROJECT_VERSION = 1;
				GENERATE_INFOPLIST_FILE = YES;
				INFOPLIST_FILE = EscobarSnapchat/Info.plist;
				INFOPLIST_KEY_UIApplicationSupportsIndirectInputEvents = YES;
				INFOPLIST_KEY_UILaunchStoryboardName = LaunchScreen;
				INFOPLIST_KEY_UIMainStoryboardFile = Main;
				INFOPLIST_KEY_UISupportedInterfaceOrientations_iPad = "UIInterfaceOrientationPortrait UIInterfaceOrientationPortraitUpsideDown UIInterfaceOrientationLandscapeLeft UIInterfaceOrientationLandscapeRight";
				INFOPLIST_KEY_UISupportedInterfaceOrientations_iPhone = "UIInterfaceOrientationPortrait UIInterfaceOrientationLandscapeLeft UIInterfaceOrientationLandscapeRight";
				LD_RUNPATH_SEARCH_PATHS = (
					"$(inherited)",
					"@executable_path/Frameworks",
				);
				MARKETING_VERSION = 1.0;
				PRODUCT_BUNDLE_IDENTIFIER = com.miempresa.EscobarSnapchat;
				PRODUCT_NAME = "$(TARGET_NAME)";
				SWIFT_EMIT_LOC_STRINGS = YES;
				SWIFT_VERSION = 5.0;
				TARGETED_DEVICE_FAMILY = "1,2";
			};
			name = Release;
		};
/* End XCBuildConfiguration section */

/* Begin XCConfigurationList section */
		B9EA85122A27A02700EF45DB /* Build configuration list for PBXProject "EscobarSnapchat" */ = {
			isa = XCConfigurationList;
			buildConfigurations = (
				B9EA85292A27A02700EF45DB /* Debug */,
				B9EA852A2A27A02700EF45DB /* Release */,
			);
			defaultConfigurationIsVisible = 0;
			defaultConfigurationName = Release;
		};
		B9EA852B2A27A02700EF45DB /* Build configuration list for PBXNativeTarget "EscobarSnapchat" */ = {
			isa = XCConfigurationList;
			buildConfigurations = (
				B9EA852C2A27A02700EF45DB /* Debug */,
				B9EA852D2A27A02700EF45DB /* Release */,
			);
			defaultConfigurationIsVisible = 0;
			defaultConfigurationName = Release;
		};
/* End XCConfigurationList section */
	};
	rootObject = B9EA850F2A27A02700EF45DB /* Project object */;
}
